{
  "version": 4,
  "terraform_version": "1.9.2",
  "serial": 11,
  "lineage": "01170f1a-c1a7-5910-06a2-d4207abdae90",
  "outputs": {
    "output": {
      "value": [
        {
          "role": "AmazonEC2FullAccess",
          "username": "chahat"
        },
        {
          "role": "AmazonS3ReadOnlyAccess",
          "username": "deepak"
        },
        {
          "role": "AmazonS3ReadOnlyAccess",
          "username": "akshay"
        },
        {
          "role": "AmazonEC2FullAccess",
          "username": "akshay"
        }
      ],
      "type": [
        "tuple",
        [
          [
            "object",
            {
              "role": "string",
              "username": "string"
            }
          ],
          [
            "object",
            {
              "role": "string",
              "username": "string"
            }
          ],
          [
            "object",
            {
              "role": "string",
              "username": "string"
            }
          ],
          [
            "object",
            {
              "role": "string",
              "username": "string"
            }
          ]
        ]
      ]
    }
  },
  "resources": [
    {
      "mode": "managed",
      "type": "aws_iam_user",
      "name": "tf-users-group",
      "provider": "provider[\"registry.terraform.io/hashicorp/aws\"]",
      "instances": [
        {
          "index_key": "akshay",
          "schema_version": 0,
          "attributes": {
            "arn": "arn:aws:iam::849528909930:user/akshay",
            "force_destroy": false,
            "id": "akshay",
            "name": "akshay",
            "path": "/",
            "permissions_boundary": "",
            "tags": {},
            "tags_all": {},
            "unique_id": "AIDA4LS66OBVB4XRZIBOZ"
          },
          "sensitive_attributes": [],
          "private": "bnVsbA=="
        },
        {
          "index_key": "chahat",
          "schema_version": 0,
          "attributes": {
            "arn": "arn:aws:iam::849528909930:user/chahat",
            "force_destroy": false,
            "id": "chahat",
            "name": "chahat",
            "path": "/",
            "permissions_boundary": "",
            "tags": {},
            "tags_all": {},
            "unique_id": "AIDA4LS66OBVL3BZ43MH6"
          },
          "sensitive_attributes": [],
          "private": "bnVsbA=="
        },
        {
          "index_key": "deepak",
          "schema_version": 0,
          "attributes": {
            "arn": "arn:aws:iam::849528909930:user/deepak",
            "force_destroy": false,
            "id": "deepak",
            "name": "deepak",
            "path": "/",
            "permissions_boundary": "",
            "tags": {},
            "tags_all": {},
            "unique_id": "AIDA4LS66OBVFHJRXBLHB"
          },
          "sensitive_attributes": [],
          "private": "bnVsbA=="
        }
      ]
    },
    {
      "mode": "managed",
      "type": "aws_iam_user_login_profile",
      "name": "tf-users-profile",
      "provider": "provider[\"registry.terraform.io/hashicorp/aws\"]",
      "instances": [
        {
          "index_key": "akshay",
          "schema_version": 0,
          "attributes": {
            "encrypted_password": null,
            "id": "akshay",
            "key_fingerprint": null,
            "password": "@F|^'-\u0026Fxmq9",
            "password_length": 12,
            "password_reset_required": null,
            "pgp_key": null,
            "user": "akshay"
          },
          "sensitive_attributes": [],
          "private": "bnVsbA==",
          "dependencies": [
            "aws_iam_user.tf-users-group"
          ]
        },
        {
          "index_key": "chahat",
          "schema_version": 0,
          "attributes": {
            "encrypted_password": null,
            "id": "chahat",
            "key_fingerprint": null,
            "password": "EVAjN%Mi]2}v",
            "password_length": 12,
            "password_reset_required": null,
            "pgp_key": null,
            "user": "chahat"
          },
          "sensitive_attributes": [],
          "private": "bnVsbA==",
          "dependencies": [
            "aws_iam_user.tf-users-group"
          ]
        },
        {
          "index_key": "deepak",
          "schema_version": 0,
          "attributes": {
            "encrypted_password": null,
            "id": "deepak",
            "key_fingerprint": null,
            "password": "6#LMKR+wR6*j",
            "password_length": 12,
            "password_reset_required": null,
            "pgp_key": null,
            "user": "deepak"
          },
          "sensitive_attributes": [],
          "private": "bnVsbA==",
          "dependencies": [
            "aws_iam_user.tf-users-group"
          ]
        }
      ]
    },
    {
      "mode": "managed",
      "type": "aws_iam_user_policy_attachment",
      "name": "main",
      "provider": "provider[\"registry.terraform.io/hashicorp/aws\"]",
      "instances": [
        {
          "index_key": "akshay-AmazonEC2FullAccess",
          "schema_version": 0,
          "attributes": {
            "id": "akshay-20240804072211787800000001",
            "policy_arn": "arn:aws:iam::aws:policy/AmazonEC2FullAccess",
            "user": "akshay"
          },
          "sensitive_attributes": [],
          "private": "bnVsbA==",
          "dependencies": [
            "aws_iam_user.tf-users-group"
          ]
        },
        {
          "index_key": "akshay-AmazonS3ReadOnlyAccess",
          "schema_version": 0,
          "attributes": {
            "id": "akshay-20240804072211821600000004",
            "policy_arn": "arn:aws:iam::aws:policy/AmazonS3ReadOnlyAccess",
            "user": "akshay"
          },
          "sensitive_attributes": [],
          "private": "bnVsbA==",
          "dependencies": [
            "aws_iam_user.tf-users-group"
          ]
        },
        {
          "index_key": "chahat-AmazonEC2FullAccess",
          "schema_version": 0,
          "attributes": {
            "id": "chahat-20240804072211788700000002",
            "policy_arn": "arn:aws:iam::aws:policy/AmazonEC2FullAccess",
            "user": "chahat"
          },
          "sensitive_attributes": [],
          "private": "bnVsbA==",
          "dependencies": [
            "aws_iam_user.tf-users-group"
          ]
        },
        {
          "index_key": "deepak-AmazonS3ReadOnlyAccess",
          "schema_version": 0,
          "attributes": {
            "id": "deepak-20240804072211795500000003",
            "policy_arn": "arn:aws:iam::aws:policy/AmazonS3ReadOnlyAccess",
            "user": "deepak"
          },
          "sensitive_attributes": [],
          "private": "bnVsbA==",
          "dependencies": [
            "aws_iam_user.tf-users-group"
          ]
        }
      ]
    }
  ],
  "check_results": null
}
